
Microsoft Visual Studio Solution File, Format Version 12.00
# Visual Studio Version 16
VisualStudioVersion = 16.0.31515.178
MinimumVisualStudioVersion = 10.0.40219.1
Project("{FAE04EC0-301F-11D3-BF4B-00C04F79EFBC}") = "Grafos", "Grafos\Grafos.csproj", "{320D6453-7669-4200-A6F8-E00EE6637674}"
EndProject
Global
	GlobalSection(SolutionConfigurationPlatforms) = preSolution
		Debug|Any CPU = Debug|Any CPU
		Release|Any CPU = Release|Any CPU
	EndGlobalSection
	GlobalSection(ProjectConfigurationPlatforms) = postSolution
		{320D6453-7669-4200-A6F8-E00EE6637674}.Debug|Any CPU.ActiveCfg = Debug|Any CPU
		{320D6453-7669-4200-A6F8-E00EE6637674}.Debug|Any CPU.Build.0 = Debug|Any CPU
		{320D6453-7669-4200-A6F8-E00EE6637674}.Release|Any CPU.ActiveCfg = Release|Any CPU
		{320D6453-7669-4200-A6F8-E00EE6637674}.Release|Any CPU.Build.0 = Release|Any CPU
	EndGlobalSection
	GlobalSection(SolutionProperties) = preSolution
		HideSolutionNode = FALSE
	EndGlobalSection
	GlobalSection(ExtensibilityGlobals) = postSolution
		SolutionGuid = {CCE9920F-F622-47DC-B77B-FB5431D4C3DE}
	EndGlobalSection
EndGlobal
